
Microsoft Visual Studio Solution File, Format Version 10.00
# Visual Studio 2008
Project("{8BC9CEB8-8B4A-11D0-8D11-00A0C91BC942}") = "9-52", "9-52\9-52.vcproj", "{21FB012C-82A8-4CCD-996D-16BF1ED59220}"
EndProject
Global
	GlobalSection(SolutionConfigurationPlatforms) = preSolution
		Debug|Win32 = Debug|Win32
		Release|Win32 = Release|Win32
	EndGlobalSection
	GlobalSection(ProjectConfigurationPlatforms) = postSolution
		{21FB012C-82A8-4CCD-996D-16BF1ED59220}.Debug|Win32.ActiveCfg = Debug|Win32
		{21FB012C-82A8-4CCD-996D-16BF1ED59220}.Debug|Win32.Build.0 = Debug|Win32
		{21FB012C-82A8-4CCD-996D-16BF1ED59220}.Release|Win32.ActiveCfg = Release|Win32
		{21FB012C-82A8-4CCD-996D-16BF1ED59220}.Release|Win32.Build.0 = Release|Win32
	EndGlobalSection
	GlobalSection(SolutionProperties) = preSolution
		HideSolutionNode = FALSE
	EndGlobalSection
EndGlobal
