
Microsoft Visual Studio Solution File, Format Version 10.00
# Visual Studio 2008
Project("{8BC9CEB8-8B4A-11D0-8D11-00A0C91BC942}") = "9-15", "9-15\9-15.vcproj", "{FC0EF231-C24D-4E4C-8BD6-50F1DBAD6047}"
EndProject
Global
	GlobalSection(SolutionConfigurationPlatforms) = preSolution
		Debug|Win32 = Debug|Win32
		Release|Win32 = Release|Win32
	EndGlobalSection
	GlobalSection(ProjectConfigurationPlatforms) = postSolution
		{FC0EF231-C24D-4E4C-8BD6-50F1DBAD6047}.Debug|Win32.ActiveCfg = Debug|Win32
		{FC0EF231-C24D-4E4C-8BD6-50F1DBAD6047}.Debug|Win32.Build.0 = Debug|Win32
		{FC0EF231-C24D-4E4C-8BD6-50F1DBAD6047}.Release|Win32.ActiveCfg = Release|Win32
		{FC0EF231-C24D-4E4C-8BD6-50F1DBAD6047}.Release|Win32.Build.0 = Release|Win32
	EndGlobalSection
	GlobalSection(SolutionProperties) = preSolution
		HideSolutionNode = FALSE
	EndGlobalSection
EndGlobal
