
Microsoft Visual Studio Solution File, Format Version 10.00
# Visual Studio 2008
Project("{8BC9CEB8-8B4A-11D0-8D11-00A0C91BC942}") = "9-19", "9-19\9-19.vcproj", "{75054E82-8608-4B5C-8C53-2D4E4B9365B3}"
EndProject
Global
	GlobalSection(SolutionConfigurationPlatforms) = preSolution
		Debug|Win32 = Debug|Win32
		Release|Win32 = Release|Win32
	EndGlobalSection
	GlobalSection(ProjectConfigurationPlatforms) = postSolution
		{75054E82-8608-4B5C-8C53-2D4E4B9365B3}.Debug|Win32.ActiveCfg = Debug|Win32
		{75054E82-8608-4B5C-8C53-2D4E4B9365B3}.Debug|Win32.Build.0 = Debug|Win32
		{75054E82-8608-4B5C-8C53-2D4E4B9365B3}.Release|Win32.ActiveCfg = Release|Win32
		{75054E82-8608-4B5C-8C53-2D4E4B9365B3}.Release|Win32.Build.0 = Release|Win32
	EndGlobalSection
	GlobalSection(SolutionProperties) = preSolution
		HideSolutionNode = FALSE
	EndGlobalSection
EndGlobal
