
Microsoft Visual Studio Solution File, Format Version 10.00
# Visual Studio 2008
Project("{8BC9CEB8-8B4A-11D0-8D11-00A0C91BC942}") = "9-55", "9-55\9-55.vcproj", "{BC8E3590-51BE-47AF-AA74-4605B5E9316D}"
EndProject
Global
	GlobalSection(SolutionConfigurationPlatforms) = preSolution
		Debug|Win32 = Debug|Win32
		Release|Win32 = Release|Win32
	EndGlobalSection
	GlobalSection(ProjectConfigurationPlatforms) = postSolution
		{BC8E3590-51BE-47AF-AA74-4605B5E9316D}.Debug|Win32.ActiveCfg = Debug|Win32
		{BC8E3590-51BE-47AF-AA74-4605B5E9316D}.Debug|Win32.Build.0 = Debug|Win32
		{BC8E3590-51BE-47AF-AA74-4605B5E9316D}.Release|Win32.ActiveCfg = Release|Win32
		{BC8E3590-51BE-47AF-AA74-4605B5E9316D}.Release|Win32.Build.0 = Release|Win32
	EndGlobalSection
	GlobalSection(SolutionProperties) = preSolution
		HideSolutionNode = FALSE
	EndGlobalSection
EndGlobal
