
Microsoft Visual Studio Solution File, Format Version 12.00
# Visual Studio 2012
Project("{8BC9CEB8-8B4A-11D0-8D11-00A0C91BC942}") = "MyFirstDriver", "MyFirstDriver\MyFirstDriver.vcxproj", "{B7E3878B-DFBB-4839-8AE7-76FCBD9DF0C4}"
EndProject
Project("{8BC9CEB8-8B4A-11D0-8D11-00A0C91BC942}") = "MyFirstDriver Package", "MyFirstDriver Package\MyFirstDriver Package.vcxproj", "{6DA70BEF-B659-44B5-A59E-103DB48D09D2}"
	ProjectSection(ProjectDependencies) = postProject
		{B7E3878B-DFBB-4839-8AE7-76FCBD9DF0C4} = {B7E3878B-DFBB-4839-8AE7-76FCBD9DF0C4}
	EndProjectSection
EndProject
Global
	GlobalSection(SolutionConfigurationPlatforms) = preSolution
		Vista Debug|Win32 = Vista Debug|Win32
		Vista Debug|x64 = Vista Debug|x64
		Vista Release|Win32 = Vista Release|Win32
		Vista Release|x64 = Vista Release|x64
		Win7 Debug|Win32 = Win7 Debug|Win32
		Win7 Debug|x64 = Win7 Debug|x64
		Win7 Release|Win32 = Win7 Release|Win32
		Win7 Release|x64 = Win7 Release|x64
		Win8 Debug|Win32 = Win8 Debug|Win32
		Win8 Debug|x64 = Win8 Debug|x64
		Win8 Release|Win32 = Win8 Release|Win32
		Win8 Release|x64 = Win8 Release|x64
	EndGlobalSection
	GlobalSection(ProjectConfigurationPlatforms) = postSolution
		{B7E3878B-DFBB-4839-8AE7-76FCBD9DF0C4}.Vista Debug|Win32.ActiveCfg = Vista Debug|Win32
		{B7E3878B-DFBB-4839-8AE7-76FCBD9DF0C4}.Vista Debug|Win32.Build.0 = Vista Debug|Win32
		{B7E3878B-DFBB-4839-8AE7-76FCBD9DF0C4}.Vista Debug|Win32.Deploy.0 = Vista Debug|Win32
		{B7E3878B-DFBB-4839-8AE7-76FCBD9DF0C4}.Vista Debug|x64.ActiveCfg = Vista Debug|x64
		{B7E3878B-DFBB-4839-8AE7-76FCBD9DF0C4}.Vista Debug|x64.Build.0 = Vista Debug|x64
		{B7E3878B-DFBB-4839-8AE7-76FCBD9DF0C4}.Vista Debug|x64.Deploy.0 = Vista Debug|x64
		{B7E3878B-DFBB-4839-8AE7-76FCBD9DF0C4}.Vista Release|Win32.ActiveCfg = Vista Release|Win32
		{B7E3878B-DFBB-4839-8AE7-76FCBD9DF0C4}.Vista Release|Win32.Build.0 = Vista Release|Win32
		{B7E3878B-DFBB-4839-8AE7-76FCBD9DF0C4}.Vista Release|Win32.Deploy.0 = Vista Release|Win32
		{B7E3878B-DFBB-4839-8AE7-76FCBD9DF0C4}.Vista Release|x64.ActiveCfg = Vista Release|x64
		{B7E3878B-DFBB-4839-8AE7-76FCBD9DF0C4}.Vista Release|x64.Build.0 = Vista Release|x64
		{B7E3878B-DFBB-4839-8AE7-76FCBD9DF0C4}.Vista Release|x64.Deploy.0 = Vista Release|x64
		{B7E3878B-DFBB-4839-8AE7-76FCBD9DF0C4}.Win7 Debug|Win32.ActiveCfg = Win7 Debug|Win32
		{B7E3878B-DFBB-4839-8AE7-76FCBD9DF0C4}.Win7 Debug|Win32.Build.0 = Win7 Debug|Win32
		{B7E3878B-DFBB-4839-8AE7-76FCBD9DF0C4}.Win7 Debug|Win32.Deploy.0 = Win7 Debug|Win32
		{B7E3878B-DFBB-4839-8AE7-76FCBD9DF0C4}.Win7 Debug|x64.ActiveCfg = Win7 Debug|x64
		{B7E3878B-DFBB-4839-8AE7-76FCBD9DF0C4}.Win7 Debug|x64.Build.0 = Win7 Debug|x64
		{B7E3878B-DFBB-4839-8AE7-76FCBD9DF0C4}.Win7 Debug|x64.Deploy.0 = Win7 Debug|x64
		{B7E3878B-DFBB-4839-8AE7-76FCBD9DF0C4}.Win7 Release|Win32.ActiveCfg = Win7 Release|Win32
		{B7E3878B-DFBB-4839-8AE7-76FCBD9DF0C4}.Win7 Release|Win32.Build.0 = Win7 Release|Win32
		{B7E3878B-DFBB-4839-8AE7-76FCBD9DF0C4}.Win7 Release|Win32.Deploy.0 = Win7 Release|Win32
		{B7E3878B-DFBB-4839-8AE7-76FCBD9DF0C4}.Win7 Release|x64.ActiveCfg = Win7 Release|x64
		{B7E3878B-DFBB-4839-8AE7-76FCBD9DF0C4}.Win7 Release|x64.Build.0 = Win7 Release|x64
		{B7E3878B-DFBB-4839-8AE7-76FCBD9DF0C4}.Win7 Release|x64.Deploy.0 = Win7 Release|x64
		{B7E3878B-DFBB-4839-8AE7-76FCBD9DF0C4}.Win8 Debug|Win32.ActiveCfg = Win8 Debug|Win32
		{B7E3878B-DFBB-4839-8AE7-76FCBD9DF0C4}.Win8 Debug|Win32.Build.0 = Win8 Debug|Win32
		{B7E3878B-DFBB-4839-8AE7-76FCBD9DF0C4}.Win8 Debug|Win32.Deploy.0 = Win8 Debug|Win32
		{B7E3878B-DFBB-4839-8AE7-76FCBD9DF0C4}.Win8 Debug|x64.ActiveCfg = Win8 Debug|x64
		{B7E3878B-DFBB-4839-8AE7-76FCBD9DF0C4}.Win8 Debug|x64.Build.0 = Win8 Debug|x64
		{B7E3878B-DFBB-4839-8AE7-76FCBD9DF0C4}.Win8 Debug|x64.Deploy.0 = Win8 Debug|x64
		{B7E3878B-DFBB-4839-8AE7-76FCBD9DF0C4}.Win8 Release|Win32.ActiveCfg = Win8 Release|Win32
		{B7E3878B-DFBB-4839-8AE7-76FCBD9DF0C4}.Win8 Release|Win32.Build.0 = Win8 Release|Win32
		{B7E3878B-DFBB-4839-8AE7-76FCBD9DF0C4}.Win8 Release|Win32.Deploy.0 = Win8 Release|Win32
		{B7E3878B-DFBB-4839-8AE7-76FCBD9DF0C4}.Win8 Release|x64.ActiveCfg = Win8 Release|x64
		{B7E3878B-DFBB-4839-8AE7-76FCBD9DF0C4}.Win8 Release|x64.Build.0 = Win8 Release|x64
		{B7E3878B-DFBB-4839-8AE7-76FCBD9DF0C4}.Win8 Release|x64.Deploy.0 = Win8 Release|x64
		{6DA70BEF-B659-44B5-A59E-103DB48D09D2}.Vista Debug|Win32.ActiveCfg = Vista Debug|Win32
		{6DA70BEF-B659-44B5-A59E-103DB48D09D2}.Vista Debug|Win32.Build.0 = Vista Debug|Win32
		{6DA70BEF-B659-44B5-A59E-103DB48D09D2}.Vista Debug|Win32.Deploy.0 = Vista Debug|Win32
		{6DA70BEF-B659-44B5-A59E-103DB48D09D2}.Vista Debug|x64.ActiveCfg = Vista Debug|x64
		{6DA70BEF-B659-44B5-A59E-103DB48D09D2}.Vista Debug|x64.Build.0 = Vista Debug|x64
		{6DA70BEF-B659-44B5-A59E-103DB48D09D2}.Vista Debug|x64.Deploy.0 = Vista Debug|x64
		{6DA70BEF-B659-44B5-A59E-103DB48D09D2}.Vista Release|Win32.ActiveCfg = Vista Release|Win32
		{6DA70BEF-B659-44B5-A59E-103DB48D09D2}.Vista Release|Win32.Build.0 = Vista Release|Win32
		{6DA70BEF-B659-44B5-A59E-103DB48D09D2}.Vista Release|Win32.Deploy.0 = Vista Release|Win32
		{6DA70BEF-B659-44B5-A59E-103DB48D09D2}.Vista Release|x64.ActiveCfg = Vista Release|x64
		{6DA70BEF-B659-44B5-A59E-103DB48D09D2}.Vista Release|x64.Build.0 = Vista Release|x64
		{6DA70BEF-B659-44B5-A59E-103DB48D09D2}.Vista Release|x64.Deploy.0 = Vista Release|x64
		{6DA70BEF-B659-44B5-A59E-103DB48D09D2}.Win7 Debug|Win32.ActiveCfg = Win7 Debug|Win32
		{6DA70BEF-B659-44B5-A59E-103DB48D09D2}.Win7 Debug|Win32.Build.0 = Win7 Debug|Win32
		{6DA70BEF-B659-44B5-A59E-103DB48D09D2}.Win7 Debug|Win32.Deploy.0 = Win7 Debug|Win32
		{6DA70BEF-B659-44B5-A59E-103DB48D09D2}.Win7 Debug|x64.ActiveCfg = Win7 Debug|x64
		{6DA70BEF-B659-44B5-A59E-103DB48D09D2}.Win7 Debug|x64.Build.0 = Win7 Debug|x64
		{6DA70BEF-B659-44B5-A59E-103DB48D09D2}.Win7 Debug|x64.Deploy.0 = Win7 Debug|x64
		{6DA70BEF-B659-44B5-A59E-103DB48D09D2}.Win7 Release|Win32.ActiveCfg = Win7 Release|Win32
		{6DA70BEF-B659-44B5-A59E-103DB48D09D2}.Win7 Release|Win32.Build.0 = Win7 Release|Win32
		{6DA70BEF-B659-44B5-A59E-103DB48D09D2}.Win7 Release|Win32.Deploy.0 = Win7 Release|Win32
		{6DA70BEF-B659-44B5-A59E-103DB48D09D2}.Win7 Release|x64.ActiveCfg = Win7 Release|x64
		{6DA70BEF-B659-44B5-A59E-103DB48D09D2}.Win7 Release|x64.Build.0 = Win7 Release|x64
		{6DA70BEF-B659-44B5-A59E-103DB48D09D2}.Win7 Release|x64.Deploy.0 = Win7 Release|x64
		{6DA70BEF-B659-44B5-A59E-103DB48D09D2}.Win8 Debug|Win32.ActiveCfg = Win8 Debug|Win32
		{6DA70BEF-B659-44B5-A59E-103DB48D09D2}.Win8 Debug|Win32.Build.0 = Win8 Debug|Win32
		{6DA70BEF-B659-44B5-A59E-103DB48D09D2}.Win8 Debug|Win32.Deploy.0 = Win8 Debug|Win32
		{6DA70BEF-B659-44B5-A59E-103DB48D09D2}.Win8 Debug|x64.ActiveCfg = Win8 Debug|x64
		{6DA70BEF-B659-44B5-A59E-103DB48D09D2}.Win8 Debug|x64.Build.0 = Win8 Debug|x64
		{6DA70BEF-B659-44B5-A59E-103DB48D09D2}.Win8 Debug|x64.Deploy.0 = Win8 Debug|x64
		{6DA70BEF-B659-44B5-A59E-103DB48D09D2}.Win8 Release|Win32.ActiveCfg = Win8 Release|Win32
		{6DA70BEF-B659-44B5-A59E-103DB48D09D2}.Win8 Release|Win32.Build.0 = Win8 Release|Win32
		{6DA70BEF-B659-44B5-A59E-103DB48D09D2}.Win8 Release|Win32.Deploy.0 = Win8 Release|Win32
		{6DA70BEF-B659-44B5-A59E-103DB48D09D2}.Win8 Release|x64.ActiveCfg = Win8 Release|x64
		{6DA70BEF-B659-44B5-A59E-103DB48D09D2}.Win8 Release|x64.Build.0 = Win8 Release|x64
		{6DA70BEF-B659-44B5-A59E-103DB48D09D2}.Win8 Release|x64.Deploy.0 = Win8 Release|x64
	EndGlobalSection
	GlobalSection(SolutionProperties) = preSolution
		HideSolutionNode = FALSE
	EndGlobalSection
EndGlobal
